
Microsoft Visual Studio Solution File, Format Version 12.00
# Visual Studio Version 18
VisualStudioVersion = 18.3.11218.70
MinimumVisualStudioVersion = 10.0.40219.1
Project("{FAE04EC0-301F-11D3-BF4B-00C04F79EFBC}") = "_build", "build\_build.csproj", "{B647A7D4-F292-4391-94DE-F8EDD32CE670}"
EndProject
Project("{FAE04EC0-301F-11D3-BF4B-00C04F79EFBC}") = "Application", "src\Application\Application.csproj", "{264D6F97-F1DD-4358-87A8-1DF7EEFFD194}"
EndProject
Project("{FAE04EC0-301F-11D3-BF4B-00C04F79EFBC}") = "Presentation.Cli", "src\Presentation.Cli\Presentation.Cli.csproj", "{B6A8DEF0-CFC2-4A1B-9948-FFF4A1EB67F9}"
EndProject
Project("{2150E333-8FDC-42A3-9474-1A3956D46DE8}") = "Solution Items", "Solution Items", "{02EA681E-C7D8-13C7-8484-4AC65E1B71E8}"
	ProjectSection(SolutionItems) = preProject
		creds.json = creds.json
		Directory.Build.targets = Directory.Build.targets
		global.json = global.json
		README.md = README.md
	EndProjectSection
EndProject
Project("{FAE04EC0-301F-11D3-BF4B-00C04F79EFBC}") = "Domain", "src\Domain\Domain.csproj", "{B2B8419E-971C-46BF-AF4E-2859342BEA57}"
EndProject
Project("{FAE04EC0-301F-11D3-BF4B-00C04F79EFBC}") = "Domain.CodeGenerator", "src\Domain.CodeGenerator\Domain.CodeGenerator.csproj", "{A327910E-BCCA-44B4-B47F-19C2EABF9EC9}"
EndProject
Project("{FAE04EC0-301F-11D3-BF4B-00C04F79EFBC}") = "Application.CodeGenerator", "src\Application.CodeGenerator\Application.CodeGenerator.csproj", "{47608B4B-94B0-4CF2-85E4-E13F51AB158C}"
EndProject
Project("{2150E333-8FDC-42A3-9474-1A3956D46DE8}") = "Tests", "Tests", "{D7BB74C9-E926-46C6-B58E-2827EA7D2E17}"
EndProject
Project("{FAE04EC0-301F-11D3-BF4B-00C04F79EFBC}") = "Presentation.WebApp", "src\Presentation.WebApp\Presentation.WebApp.csproj", "{38073A21-EDC0-4990-92C8-2D56E4587A16}"
EndProject
Project("{FAE04EC0-301F-11D3-BF4B-00C04F79EFBC}") = "Infrastructure.EFCore", "src\Infrastructure.EFCore\Infrastructure.EFCore.csproj", "{EEBBA9AC-4AD0-4E45-ABFC-07BCA8449E72}"
EndProject
Project("{FAE04EC0-301F-11D3-BF4B-00C04F79EFBC}") = "Infrastructure.EFCore.Sqlite", "src\Infrastructure.EFCore.Sqlite\Infrastructure.EFCore.Sqlite.csproj", "{7D4AE425-2196-4CE5-8544-5BE3745F9759}"
EndProject
Project("{FAE04EC0-301F-11D3-BF4B-00C04F79EFBC}") = "Infrastructure.EFCore.Identity", "src\Infrastructure.EFCore.Identity\Infrastructure.EFCore.Identity.csproj", "{AF04E871-E089-49A7-9B08-2AD815B81955}"
EndProject
Project("{FAE04EC0-301F-11D3-BF4B-00C04F79EFBC}") = "Infrastructure.EFCore.LocalStore", "src\Infrastructure.EFCore.LocalStore\Infrastructure.EFCore.LocalStore.csproj", "{FFA6ECD8-A4B8-45FE-9C51-845129946F46}"
EndProject
Project("{FAE04EC0-301F-11D3-BF4B-00C04F79EFBC}") = "Domain.UnitTests", "tests\Domain.UnitTests\Domain.UnitTests.csproj", "{8E27B147-C01A-4A91-8B15-DFCBEBD5ACDD}"
EndProject
Project("{FAE04EC0-301F-11D3-BF4B-00C04F79EFBC}") = "Application.UnitTests", "tests\Application.UnitTests\Application.UnitTests.csproj", "{1CB8F374-7E08-41CD-99E1-46033A4A29C2}"
EndProject
Project("{FAE04EC0-301F-11D3-BF4B-00C04F79EFBC}") = "Application.IntegrationTests", "tests\Application.IntegrationTests\Application.IntegrationTests.csproj", "{CF1A27E4-502E-4A10-BB45-C39A7FCF09ED}"
EndProject
Project("{FAE04EC0-301F-11D3-BF4B-00C04F79EFBC}") = "Presentation.FunctionalTests", "tests\Presentation.FunctionalTests\Presentation.FunctionalTests.csproj", "{0001BE0E-2D5B-41B0-8601-09E89FACDA7A}"
EndProject
Global
	GlobalSection(SolutionConfigurationPlatforms) = preSolution
		Debug|Any CPU = Debug|Any CPU
		Debug|x64 = Debug|x64
		Debug|x86 = Debug|x86
		Release|Any CPU = Release|Any CPU
		Release|x64 = Release|x64
		Release|x86 = Release|x86
	EndGlobalSection
	GlobalSection(ProjectConfigurationPlatforms) = postSolution
		{B647A7D4-F292-4391-94DE-F8EDD32CE670}.Debug|Any CPU.ActiveCfg = Debug|Any CPU
		{B647A7D4-F292-4391-94DE-F8EDD32CE670}.Debug|Any CPU.Build.0 = Debug|Any CPU
		{B647A7D4-F292-4391-94DE-F8EDD32CE670}.Debug|x64.ActiveCfg = Debug|Any CPU
		{B647A7D4-F292-4391-94DE-F8EDD32CE670}.Debug|x64.Build.0 = Debug|Any CPU
		{B647A7D4-F292-4391-94DE-F8EDD32CE670}.Debug|x86.ActiveCfg = Debug|Any CPU
		{B647A7D4-F292-4391-94DE-F8EDD32CE670}.Debug|x86.Build.0 = Debug|Any CPU
		{B647A7D4-F292-4391-94DE-F8EDD32CE670}.Release|Any CPU.ActiveCfg = Release|Any CPU
		{B647A7D4-F292-4391-94DE-F8EDD32CE670}.Release|Any CPU.Build.0 = Release|Any CPU
		{B647A7D4-F292-4391-94DE-F8EDD32CE670}.Release|x64.ActiveCfg = Release|Any CPU
		{B647A7D4-F292-4391-94DE-F8EDD32CE670}.Release|x64.Build.0 = Release|Any CPU
		{B647A7D4-F292-4391-94DE-F8EDD32CE670}.Release|x86.ActiveCfg = Release|Any CPU
		{B647A7D4-F292-4391-94DE-F8EDD32CE670}.Release|x86.Build.0 = Release|Any CPU
		{264D6F97-F1DD-4358-87A8-1DF7EEFFD194}.Debug|Any CPU.ActiveCfg = Debug|Any CPU
		{264D6F97-F1DD-4358-87A8-1DF7EEFFD194}.Debug|Any CPU.Build.0 = Debug|Any CPU
		{264D6F97-F1DD-4358-87A8-1DF7EEFFD194}.Debug|x64.ActiveCfg = Debug|Any CPU
		{264D6F97-F1DD-4358-87A8-1DF7EEFFD194}.Debug|x64.Build.0 = Debug|Any CPU
		{264D6F97-F1DD-4358-87A8-1DF7EEFFD194}.Debug|x86.ActiveCfg = Debug|Any CPU
		{264D6F97-F1DD-4358-87A8-1DF7EEFFD194}.Debug|x86.Build.0 = Debug|Any CPU
		{264D6F97-F1DD-4358-87A8-1DF7EEFFD194}.Release|Any CPU.ActiveCfg = Release|Any CPU
		{264D6F97-F1DD-4358-87A8-1DF7EEFFD194}.Release|Any CPU.Build.0 = Release|Any CPU
		{264D6F97-F1DD-4358-87A8-1DF7EEFFD194}.Release|x64.ActiveCfg = Release|Any CPU
		{264D6F97-F1DD-4358-87A8-1DF7EEFFD194}.Release|x64.Build.0 = Release|Any CPU
		{264D6F97-F1DD-4358-87A8-1DF7EEFFD194}.Release|x86.ActiveCfg = Release|Any CPU
		{264D6F97-F1DD-4358-87A8-1DF7EEFFD194}.Release|x86.Build.0 = Release|Any CPU
		{B6A8DEF0-CFC2-4A1B-9948-FFF4A1EB67F9}.Debug|Any CPU.ActiveCfg = Debug|Any CPU
		{B6A8DEF0-CFC2-4A1B-9948-FFF4A1EB67F9}.Debug|Any CPU.Build.0 = Debug|Any CPU
		{B6A8DEF0-CFC2-4A1B-9948-FFF4A1EB67F9}.Debug|x64.ActiveCfg = Debug|Any CPU
		{B6A8DEF0-CFC2-4A1B-9948-FFF4A1EB67F9}.Debug|x64.Build.0 = Debug|Any CPU
		{B6A8DEF0-CFC2-4A1B-9948-FFF4A1EB67F9}.Debug|x86.ActiveCfg = Debug|Any CPU
		{B6A8DEF0-CFC2-4A1B-9948-FFF4A1EB67F9}.Debug|x86.Build.0 = Debug|Any CPU
		{B6A8DEF0-CFC2-4A1B-9948-FFF4A1EB67F9}.Release|Any CPU.ActiveCfg = Release|Any CPU
		{B6A8DEF0-CFC2-4A1B-9948-FFF4A1EB67F9}.Release|Any CPU.Build.0 = Release|Any CPU
		{B6A8DEF0-CFC2-4A1B-9948-FFF4A1EB67F9}.Release|x64.ActiveCfg = Release|Any CPU
		{B6A8DEF0-CFC2-4A1B-9948-FFF4A1EB67F9}.Release|x64.Build.0 = Release|Any CPU
		{B6A8DEF0-CFC2-4A1B-9948-FFF4A1EB67F9}.Release|x86.ActiveCfg = Release|Any CPU
		{B6A8DEF0-CFC2-4A1B-9948-FFF4A1EB67F9}.Release|x86.Build.0 = Release|Any CPU
		{B2B8419E-971C-46BF-AF4E-2859342BEA57}.Debug|Any CPU.ActiveCfg = Debug|Any CPU
		{B2B8419E-971C-46BF-AF4E-2859342BEA57}.Debug|Any CPU.Build.0 = Debug|Any CPU
		{B2B8419E-971C-46BF-AF4E-2859342BEA57}.Debug|x64.ActiveCfg = Debug|Any CPU
		{B2B8419E-971C-46BF-AF4E-2859342BEA57}.Debug|x64.Build.0 = Debug|Any CPU
		{B2B8419E-971C-46BF-AF4E-2859342BEA57}.Debug|x86.ActiveCfg = Debug|Any CPU
		{B2B8419E-971C-46BF-AF4E-2859342BEA57}.Debug|x86.Build.0 = Debug|Any CPU
		{B2B8419E-971C-46BF-AF4E-2859342BEA57}.Release|Any CPU.ActiveCfg = Release|Any CPU
		{B2B8419E-971C-46BF-AF4E-2859342BEA57}.Release|Any CPU.Build.0 = Release|Any CPU
		{B2B8419E-971C-46BF-AF4E-2859342BEA57}.Release|x64.ActiveCfg = Release|Any CPU
		{B2B8419E-971C-46BF-AF4E-2859342BEA57}.Release|x64.Build.0 = Release|Any CPU
		{B2B8419E-971C-46BF-AF4E-2859342BEA57}.Release|x86.ActiveCfg = Release|Any CPU
		{B2B8419E-971C-46BF-AF4E-2859342BEA57}.Release|x86.Build.0 = Release|Any CPU
		{A327910E-BCCA-44B4-B47F-19C2EABF9EC9}.Debug|Any CPU.ActiveCfg = Debug|Any CPU
		{A327910E-BCCA-44B4-B47F-19C2EABF9EC9}.Debug|x64.ActiveCfg = Debug|Any CPU
		{A327910E-BCCA-44B4-B47F-19C2EABF9EC9}.Debug|x86.ActiveCfg = Debug|Any CPU
		{A327910E-BCCA-44B4-B47F-19C2EABF9EC9}.Release|Any CPU.ActiveCfg = Release|Any CPU
		{A327910E-BCCA-44B4-B47F-19C2EABF9EC9}.Release|x64.ActiveCfg = Release|Any CPU
		{A327910E-BCCA-44B4-B47F-19C2EABF9EC9}.Release|x86.ActiveCfg = Release|Any CPU
		{47608B4B-94B0-4CF2-85E4-E13F51AB158C}.Debug|Any CPU.ActiveCfg = Debug|Any CPU
		{47608B4B-94B0-4CF2-85E4-E13F51AB158C}.Debug|x64.ActiveCfg = Debug|Any CPU
		{47608B4B-94B0-4CF2-85E4-E13F51AB158C}.Debug|x86.ActiveCfg = Debug|Any CPU
		{47608B4B-94B0-4CF2-85E4-E13F51AB158C}.Release|Any CPU.ActiveCfg = Release|Any CPU
		{47608B4B-94B0-4CF2-85E4-E13F51AB158C}.Release|x64.ActiveCfg = Release|Any CPU
		{47608B4B-94B0-4CF2-85E4-E13F51AB158C}.Release|x86.ActiveCfg = Release|Any CPU
		{38073A21-EDC0-4990-92C8-2D56E4587A16}.Debug|Any CPU.ActiveCfg = Debug|Any CPU
		{38073A21-EDC0-4990-92C8-2D56E4587A16}.Debug|Any CPU.Build.0 = Debug|Any CPU
		{38073A21-EDC0-4990-92C8-2D56E4587A16}.Debug|x64.ActiveCfg = Debug|Any CPU
		{38073A21-EDC0-4990-92C8-2D56E4587A16}.Debug|x64.Build.0 = Debug|Any CPU
		{38073A21-EDC0-4990-92C8-2D56E4587A16}.Debug|x86.ActiveCfg = Debug|Any CPU
		{38073A21-EDC0-4990-92C8-2D56E4587A16}.Debug|x86.Build.0 = Debug|Any CPU
		{38073A21-EDC0-4990-92C8-2D56E4587A16}.Release|Any CPU.ActiveCfg = Release|Any CPU
		{38073A21-EDC0-4990-92C8-2D56E4587A16}.Release|Any CPU.Build.0 = Release|Any CPU
		{38073A21-EDC0-4990-92C8-2D56E4587A16}.Release|x64.ActiveCfg = Release|Any CPU
		{38073A21-EDC0-4990-92C8-2D56E4587A16}.Release|x64.Build.0 = Release|Any CPU
		{38073A21-EDC0-4990-92C8-2D56E4587A16}.Release|x86.ActiveCfg = Release|Any CPU
		{38073A21-EDC0-4990-92C8-2D56E4587A16}.Release|x86.Build.0 = Release|Any CPU
		{EEBBA9AC-4AD0-4E45-ABFC-07BCA8449E72}.Debug|Any CPU.ActiveCfg = Debug|Any CPU
		{EEBBA9AC-4AD0-4E45-ABFC-07BCA8449E72}.Debug|Any CPU.Build.0 = Debug|Any CPU
		{EEBBA9AC-4AD0-4E45-ABFC-07BCA8449E72}.Debug|x64.ActiveCfg = Debug|Any CPU
		{EEBBA9AC-4AD0-4E45-ABFC-07BCA8449E72}.Debug|x64.Build.0 = Debug|Any CPU
		{EEBBA9AC-4AD0-4E45-ABFC-07BCA8449E72}.Debug|x86.ActiveCfg = Debug|Any CPU
		{EEBBA9AC-4AD0-4E45-ABFC-07BCA8449E72}.Debug|x86.Build.0 = Debug|Any CPU
		{EEBBA9AC-4AD0-4E45-ABFC-07BCA8449E72}.Release|Any CPU.ActiveCfg = Release|Any CPU
		{EEBBA9AC-4AD0-4E45-ABFC-07BCA8449E72}.Release|Any CPU.Build.0 = Release|Any CPU
		{EEBBA9AC-4AD0-4E45-ABFC-07BCA8449E72}.Release|x64.ActiveCfg = Release|Any CPU
		{EEBBA9AC-4AD0-4E45-ABFC-07BCA8449E72}.Release|x64.Build.0 = Release|Any CPU
		{EEBBA9AC-4AD0-4E45-ABFC-07BCA8449E72}.Release|x86.ActiveCfg = Release|Any CPU
		{EEBBA9AC-4AD0-4E45-ABFC-07BCA8449E72}.Release|x86.Build.0 = Release|Any CPU
		{7D4AE425-2196-4CE5-8544-5BE3745F9759}.Debug|Any CPU.ActiveCfg = Debug|Any CPU
		{7D4AE425-2196-4CE5-8544-5BE3745F9759}.Debug|Any CPU.Build.0 = Debug|Any CPU
		{7D4AE425-2196-4CE5-8544-5BE3745F9759}.Debug|x64.ActiveCfg = Debug|Any CPU
		{7D4AE425-2196-4CE5-8544-5BE3745F9759}.Debug|x64.Build.0 = Debug|Any CPU
		{7D4AE425-2196-4CE5-8544-5BE3745F9759}.Debug|x86.ActiveCfg = Debug|Any CPU
		{7D4AE425-2196-4CE5-8544-5BE3745F9759}.Debug|x86.Build.0 = Debug|Any CPU
		{7D4AE425-2196-4CE5-8544-5BE3745F9759}.Release|Any CPU.ActiveCfg = Release|Any CPU
		{7D4AE425-2196-4CE5-8544-5BE3745F9759}.Release|Any CPU.Build.0 = Release|Any CPU
		{7D4AE425-2196-4CE5-8544-5BE3745F9759}.Release|x64.ActiveCfg = Release|Any CPU
		{7D4AE425-2196-4CE5-8544-5BE3745F9759}.Release|x64.Build.0 = Release|Any CPU
		{7D4AE425-2196-4CE5-8544-5BE3745F9759}.Release|x86.ActiveCfg = Release|Any CPU
		{7D4AE425-2196-4CE5-8544-5BE3745F9759}.Release|x86.Build.0 = Release|Any CPU
		{AF04E871-E089-49A7-9B08-2AD815B81955}.Debug|Any CPU.ActiveCfg = Debug|Any CPU
		{AF04E871-E089-49A7-9B08-2AD815B81955}.Debug|Any CPU.Build.0 = Debug|Any CPU
		{AF04E871-E089-49A7-9B08-2AD815B81955}.Debug|x64.ActiveCfg = Debug|Any CPU
		{AF04E871-E089-49A7-9B08-2AD815B81955}.Debug|x64.Build.0 = Debug|Any CPU
		{AF04E871-E089-49A7-9B08-2AD815B81955}.Debug|x86.ActiveCfg = Debug|Any CPU
		{AF04E871-E089-49A7-9B08-2AD815B81955}.Debug|x86.Build.0 = Debug|Any CPU
		{AF04E871-E089-49A7-9B08-2AD815B81955}.Release|Any CPU.ActiveCfg = Release|Any CPU
		{AF04E871-E089-49A7-9B08-2AD815B81955}.Release|Any CPU.Build.0 = Release|Any CPU
		{AF04E871-E089-49A7-9B08-2AD815B81955}.Release|x64.ActiveCfg = Release|Any CPU
		{AF04E871-E089-49A7-9B08-2AD815B81955}.Release|x64.Build.0 = Release|Any CPU
		{AF04E871-E089-49A7-9B08-2AD815B81955}.Release|x86.ActiveCfg = Release|Any CPU
		{AF04E871-E089-49A7-9B08-2AD815B81955}.Release|x86.Build.0 = Release|Any CPU
		{FFA6ECD8-A4B8-45FE-9C51-845129946F46}.Debug|Any CPU.ActiveCfg = Debug|Any CPU
		{FFA6ECD8-A4B8-45FE-9C51-845129946F46}.Debug|Any CPU.Build.0 = Debug|Any CPU
		{FFA6ECD8-A4B8-45FE-9C51-845129946F46}.Debug|x64.ActiveCfg = Debug|Any CPU
		{FFA6ECD8-A4B8-45FE-9C51-845129946F46}.Debug|x64.Build.0 = Debug|Any CPU
		{FFA6ECD8-A4B8-45FE-9C51-845129946F46}.Debug|x86.ActiveCfg = Debug|Any CPU
		{FFA6ECD8-A4B8-45FE-9C51-845129946F46}.Debug|x86.Build.0 = Debug|Any CPU
		{FFA6ECD8-A4B8-45FE-9C51-845129946F46}.Release|Any CPU.ActiveCfg = Release|Any CPU
		{FFA6ECD8-A4B8-45FE-9C51-845129946F46}.Release|Any CPU.Build.0 = Release|Any CPU
		{FFA6ECD8-A4B8-45FE-9C51-845129946F46}.Release|x64.ActiveCfg = Release|Any CPU
		{FFA6ECD8-A4B8-45FE-9C51-845129946F46}.Release|x64.Build.0 = Release|Any CPU
		{FFA6ECD8-A4B8-45FE-9C51-845129946F46}.Release|x86.ActiveCfg = Release|Any CPU
		{FFA6ECD8-A4B8-45FE-9C51-845129946F46}.Release|x86.Build.0 = Release|Any CPU
		{8E27B147-C01A-4A91-8B15-DFCBEBD5ACDD}.Debug|Any CPU.ActiveCfg = Debug|Any CPU
		{8E27B147-C01A-4A91-8B15-DFCBEBD5ACDD}.Debug|Any CPU.Build.0 = Debug|Any CPU
		{8E27B147-C01A-4A91-8B15-DFCBEBD5ACDD}.Debug|x64.ActiveCfg = Debug|Any CPU
		{8E27B147-C01A-4A91-8B15-DFCBEBD5ACDD}.Debug|x64.Build.0 = Debug|Any CPU
		{8E27B147-C01A-4A91-8B15-DFCBEBD5ACDD}.Debug|x86.ActiveCfg = Debug|Any CPU
		{8E27B147-C01A-4A91-8B15-DFCBEBD5ACDD}.Debug|x86.Build.0 = Debug|Any CPU
		{8E27B147-C01A-4A91-8B15-DFCBEBD5ACDD}.Release|Any CPU.ActiveCfg = Release|Any CPU
		{8E27B147-C01A-4A91-8B15-DFCBEBD5ACDD}.Release|Any CPU.Build.0 = Release|Any CPU
		{8E27B147-C01A-4A91-8B15-DFCBEBD5ACDD}.Release|x64.ActiveCfg = Release|Any CPU
		{8E27B147-C01A-4A91-8B15-DFCBEBD5ACDD}.Release|x64.Build.0 = Release|Any CPU
		{8E27B147-C01A-4A91-8B15-DFCBEBD5ACDD}.Release|x86.ActiveCfg = Release|Any CPU
		{8E27B147-C01A-4A91-8B15-DFCBEBD5ACDD}.Release|x86.Build.0 = Release|Any CPU
		{1CB8F374-7E08-41CD-99E1-46033A4A29C2}.Debug|Any CPU.ActiveCfg = Debug|Any CPU
		{1CB8F374-7E08-41CD-99E1-46033A4A29C2}.Debug|Any CPU.Build.0 = Debug|Any CPU
		{1CB8F374-7E08-41CD-99E1-46033A4A29C2}.Debug|x64.ActiveCfg = Debug|Any CPU
		{1CB8F374-7E08-41CD-99E1-46033A4A29C2}.Debug|x64.Build.0 = Debug|Any CPU
		{1CB8F374-7E08-41CD-99E1-46033A4A29C2}.Debug|x86.ActiveCfg = Debug|Any CPU
		{1CB8F374-7E08-41CD-99E1-46033A4A29C2}.Debug|x86.Build.0 = Debug|Any CPU
		{1CB8F374-7E08-41CD-99E1-46033A4A29C2}.Release|Any CPU.ActiveCfg = Release|Any CPU
		{1CB8F374-7E08-41CD-99E1-46033A4A29C2}.Release|Any CPU.Build.0 = Release|Any CPU
		{1CB8F374-7E08-41CD-99E1-46033A4A29C2}.Release|x64.ActiveCfg = Release|Any CPU
		{1CB8F374-7E08-41CD-99E1-46033A4A29C2}.Release|x64.Build.0 = Release|Any CPU
		{1CB8F374-7E08-41CD-99E1-46033A4A29C2}.Release|x86.ActiveCfg = Release|Any CPU
		{1CB8F374-7E08-41CD-99E1-46033A4A29C2}.Release|x86.Build.0 = Release|Any CPU
		{CF1A27E4-502E-4A10-BB45-C39A7FCF09ED}.Debug|Any CPU.ActiveCfg = Debug|Any CPU
		{CF1A27E4-502E-4A10-BB45-C39A7FCF09ED}.Debug|Any CPU.Build.0 = Debug|Any CPU
		{CF1A27E4-502E-4A10-BB45-C39A7FCF09ED}.Debug|x64.ActiveCfg = Debug|Any CPU
		{CF1A27E4-502E-4A10-BB45-C39A7FCF09ED}.Debug|x64.Build.0 = Debug|Any CPU
		{CF1A27E4-502E-4A10-BB45-C39A7FCF09ED}.Debug|x86.ActiveCfg = Debug|Any CPU
		{CF1A27E4-502E-4A10-BB45-C39A7FCF09ED}.Debug|x86.Build.0 = Debug|Any CPU
		{CF1A27E4-502E-4A10-BB45-C39A7FCF09ED}.Release|Any CPU.ActiveCfg = Release|Any CPU
		{CF1A27E4-502E-4A10-BB45-C39A7FCF09ED}.Release|Any CPU.Build.0 = Release|Any CPU
		{CF1A27E4-502E-4A10-BB45-C39A7FCF09ED}.Release|x64.ActiveCfg = Release|Any CPU
		{CF1A27E4-502E-4A10-BB45-C39A7FCF09ED}.Release|x64.Build.0 = Release|Any CPU
		{CF1A27E4-502E-4A10-BB45-C39A7FCF09ED}.Release|x86.ActiveCfg = Release|Any CPU
		{CF1A27E4-502E-4A10-BB45-C39A7FCF09ED}.Release|x86.Build.0 = Release|Any CPU
		{0001BE0E-2D5B-41B0-8601-09E89FACDA7A}.Debug|Any CPU.ActiveCfg = Debug|Any CPU
		{0001BE0E-2D5B-41B0-8601-09E89FACDA7A}.Debug|Any CPU.Build.0 = Debug|Any CPU
		{0001BE0E-2D5B-41B0-8601-09E89FACDA7A}.Debug|x64.ActiveCfg = Debug|Any CPU
		{0001BE0E-2D5B-41B0-8601-09E89FACDA7A}.Debug|x64.Build.0 = Debug|Any CPU
		{0001BE0E-2D5B-41B0-8601-09E89FACDA7A}.Debug|x86.ActiveCfg = Debug|Any CPU
		{0001BE0E-2D5B-41B0-8601-09E89FACDA7A}.Debug|x86.Build.0 = Debug|Any CPU
		{0001BE0E-2D5B-41B0-8601-09E89FACDA7A}.Release|Any CPU.ActiveCfg = Release|Any CPU
		{0001BE0E-2D5B-41B0-8601-09E89FACDA7A}.Release|Any CPU.Build.0 = Release|Any CPU
		{0001BE0E-2D5B-41B0-8601-09E89FACDA7A}.Release|x64.ActiveCfg = Release|Any CPU
		{0001BE0E-2D5B-41B0-8601-09E89FACDA7A}.Release|x64.Build.0 = Release|Any CPU
		{0001BE0E-2D5B-41B0-8601-09E89FACDA7A}.Release|x86.ActiveCfg = Release|Any CPU
		{0001BE0E-2D5B-41B0-8601-09E89FACDA7A}.Release|x86.Build.0 = Release|Any CPU
	EndGlobalSection
	GlobalSection(SolutionProperties) = preSolution
		HideSolutionNode = FALSE
	EndGlobalSection
	GlobalSection(NestedProjects) = preSolution
		{8E27B147-C01A-4A91-8B15-DFCBEBD5ACDD} = {D7BB74C9-E926-46C6-B58E-2827EA7D2E17}
		{1CB8F374-7E08-41CD-99E1-46033A4A29C2} = {D7BB74C9-E926-46C6-B58E-2827EA7D2E17}
		{CF1A27E4-502E-4A10-BB45-C39A7FCF09ED} = {D7BB74C9-E926-46C6-B58E-2827EA7D2E17}
		{0001BE0E-2D5B-41B0-8601-09E89FACDA7A} = {D7BB74C9-E926-46C6-B58E-2827EA7D2E17}
	EndGlobalSection
	GlobalSection(ExtensibilityGlobals) = postSolution
		SolutionGuid = {7C235D32-60F9-4151-BB05-C262403DC7C0}
	EndGlobalSection
EndGlobal
