
Microsoft Visual Studio Solution File, Format Version 12.00
# Visual Studio Version 18
VisualStudioVersion = 18.3.11218.70
MinimumVisualStudioVersion = 10.0.40219.1
Project("{FAE04EC0-301F-11D3-BF4B-00C04F79EFBC}") = "Domain", "src\Domain\Domain.csproj", "{B2B8419E-971C-46BF-AF4E-2859342BEA57}"
EndProject
Project("{FAE04EC0-301F-11D3-BF4B-00C04F79EFBC}") = "Domain.SourceGenerators", "src\Domain.SourceGenerators\Domain.SourceGenerators.csproj", "{0E65DF85-11F6-A52C-489A-56938E1BDCE2}"
EndProject
Project("{FAE04EC0-301F-11D3-BF4B-00C04F79EFBC}") = "Application", "src\Application\Application.csproj", "{264D6F97-F1DD-4358-87A8-1DF7EEFFD194}"
EndProject
Project("{FAE04EC0-301F-11D3-BF4B-00C04F79EFBC}") = "Presentation", "src\Presentation\Presentation.csproj", "{182C4CCC-70AE-48DF-B327-92B8F9FEA34F}"
EndProject
Project("{FAE04EC0-301F-11D3-BF4B-00C04F79EFBC}") = "Presentation.Cli", "src\Presentation.Cli\Presentation.Cli.csproj", "{A1B2C3D4-E5F6-7890-ABCD-EF1234567890}"
EndProject
Project("{2150E333-8FDC-42A3-9474-1A3956D46DE8}") = "Solution Items", "Solution Items", "{02EA681E-C7D8-13C7-8484-4AC65E1B71E8}"
	ProjectSection(SolutionItems) = preProject
		creds.json = creds.json
		Directory.Build.targets = Directory.Build.targets
		global.json = global.json
		README.md = README.md
	EndProjectSection
EndProject
Project("{2150E333-8FDC-42A3-9474-1A3956D46DE8}") = "Tests", "Tests", "{D7BB74C9-E926-46C6-B58E-2827EA7D2E17}"
EndProject
Project("{FAE04EC0-301F-11D3-BF4B-00C04F79EFBC}") = "Domain.UnitTests", "tests\Domain.UnitTests\Domain.UnitTests.csproj", "{8E27B147-C01A-4A91-8B15-DFCBEBD5ACDD}"
EndProject
Project("{FAE04EC0-301F-11D3-BF4B-00C04F79EFBC}") = "Application.UnitTests", "tests\Application.UnitTests\Application.UnitTests.csproj", "{1CB8F374-7E08-41CD-99E1-46033A4A29C2}"
EndProject
Project("{FAE04EC0-301F-11D3-BF4B-00C04F79EFBC}") = "Infrastructure.InMemory", "src\Infrastructure.InMemory\Infrastructure.InMemory.csproj", "{DA100C90-0740-4580-8790-7E64FFAAD505}"
EndProject
Global
	GlobalSection(SolutionConfigurationPlatforms) = preSolution
		Debug|Any CPU = Debug|Any CPU
		Debug|x64 = Debug|x64
		Debug|x86 = Debug|x86
		Release|Any CPU = Release|Any CPU
		Release|x64 = Release|x64
		Release|x86 = Release|x86
	EndGlobalSection
	GlobalSection(ProjectConfigurationPlatforms) = postSolution
		{B2B8419E-971C-46BF-AF4E-2859342BEA57}.Debug|Any CPU.ActiveCfg = Debug|Any CPU
		{B2B8419E-971C-46BF-AF4E-2859342BEA57}.Debug|Any CPU.Build.0 = Debug|Any CPU
		{B2B8419E-971C-46BF-AF4E-2859342BEA57}.Debug|x64.ActiveCfg = Debug|Any CPU
		{B2B8419E-971C-46BF-AF4E-2859342BEA57}.Debug|x64.Build.0 = Debug|Any CPU
		{B2B8419E-971C-46BF-AF4E-2859342BEA57}.Debug|x86.ActiveCfg = Debug|Any CPU
		{B2B8419E-971C-46BF-AF4E-2859342BEA57}.Debug|x86.Build.0 = Debug|Any CPU
		{B2B8419E-971C-46BF-AF4E-2859342BEA57}.Release|Any CPU.ActiveCfg = Release|Any CPU
		{B2B8419E-971C-46BF-AF4E-2859342BEA57}.Release|Any CPU.Build.0 = Release|Any CPU
		{B2B8419E-971C-46BF-AF4E-2859342BEA57}.Release|x64.ActiveCfg = Release|Any CPU
		{B2B8419E-971C-46BF-AF4E-2859342BEA57}.Release|x64.Build.0 = Release|Any CPU
		{B2B8419E-971C-46BF-AF4E-2859342BEA57}.Release|x86.ActiveCfg = Release|Any CPU
		{B2B8419E-971C-46BF-AF4E-2859342BEA57}.Release|x86.Build.0 = Release|Any CPU
		{0E65DF85-11F6-A52C-489A-56938E1BDCE2}.Debug|Any CPU.ActiveCfg = Debug|Any CPU
		{0E65DF85-11F6-A52C-489A-56938E1BDCE2}.Debug|Any CPU.Build.0 = Debug|Any CPU
		{0E65DF85-11F6-A52C-489A-56938E1BDCE2}.Debug|x64.ActiveCfg = Debug|Any CPU
		{0E65DF85-11F6-A52C-489A-56938E1BDCE2}.Debug|x64.Build.0 = Debug|Any CPU
		{0E65DF85-11F6-A52C-489A-56938E1BDCE2}.Debug|x86.ActiveCfg = Debug|Any CPU
		{0E65DF85-11F6-A52C-489A-56938E1BDCE2}.Debug|x86.Build.0 = Debug|Any CPU
		{0E65DF85-11F6-A52C-489A-56938E1BDCE2}.Release|Any CPU.ActiveCfg = Release|Any CPU
		{0E65DF85-11F6-A52C-489A-56938E1BDCE2}.Release|Any CPU.Build.0 = Release|Any CPU
		{0E65DF85-11F6-A52C-489A-56938E1BDCE2}.Release|x64.ActiveCfg = Release|Any CPU
		{0E65DF85-11F6-A52C-489A-56938E1BDCE2}.Release|x64.Build.0 = Release|Any CPU
		{0E65DF85-11F6-A52C-489A-56938E1BDCE2}.Release|x86.ActiveCfg = Release|Any CPU
		{0E65DF85-11F6-A52C-489A-56938E1BDCE2}.Release|x86.Build.0 = Release|Any CPU
		{264D6F97-F1DD-4358-87A8-1DF7EEFFD194}.Debug|Any CPU.ActiveCfg = Debug|Any CPU
		{264D6F97-F1DD-4358-87A8-1DF7EEFFD194}.Debug|Any CPU.Build.0 = Debug|Any CPU
		{264D6F97-F1DD-4358-87A8-1DF7EEFFD194}.Debug|x64.ActiveCfg = Debug|Any CPU
		{264D6F97-F1DD-4358-87A8-1DF7EEFFD194}.Debug|x64.Build.0 = Debug|Any CPU
		{264D6F97-F1DD-4358-87A8-1DF7EEFFD194}.Debug|x86.ActiveCfg = Debug|Any CPU
		{264D6F97-F1DD-4358-87A8-1DF7EEFFD194}.Debug|x86.Build.0 = Debug|Any CPU
		{264D6F97-F1DD-4358-87A8-1DF7EEFFD194}.Release|Any CPU.ActiveCfg = Release|Any CPU
		{264D6F97-F1DD-4358-87A8-1DF7EEFFD194}.Release|Any CPU.Build.0 = Release|Any CPU
		{264D6F97-F1DD-4358-87A8-1DF7EEFFD194}.Release|x64.ActiveCfg = Release|Any CPU
		{264D6F97-F1DD-4358-87A8-1DF7EEFFD194}.Release|x64.Build.0 = Release|Any CPU
		{264D6F97-F1DD-4358-87A8-1DF7EEFFD194}.Release|x86.ActiveCfg = Release|Any CPU
		{264D6F97-F1DD-4358-87A8-1DF7EEFFD194}.Release|x86.Build.0 = Release|Any CPU
		{182C4CCC-70AE-48DF-B327-92B8F9FEA34F}.Debug|Any CPU.ActiveCfg = Debug|Any CPU
		{182C4CCC-70AE-48DF-B327-92B8F9FEA34F}.Debug|Any CPU.Build.0 = Debug|Any CPU
		{182C4CCC-70AE-48DF-B327-92B8F9FEA34F}.Debug|x64.ActiveCfg = Debug|Any CPU
		{182C4CCC-70AE-48DF-B327-92B8F9FEA34F}.Debug|x64.Build.0 = Debug|Any CPU
		{182C4CCC-70AE-48DF-B327-92B8F9FEA34F}.Debug|x86.ActiveCfg = Debug|Any CPU
		{182C4CCC-70AE-48DF-B327-92B8F9FEA34F}.Debug|x86.Build.0 = Debug|Any CPU
		{182C4CCC-70AE-48DF-B327-92B8F9FEA34F}.Release|Any CPU.ActiveCfg = Release|Any CPU
		{182C4CCC-70AE-48DF-B327-92B8F9FEA34F}.Release|Any CPU.Build.0 = Release|Any CPU
		{182C4CCC-70AE-48DF-B327-92B8F9FEA34F}.Release|x64.ActiveCfg = Release|Any CPU
		{182C4CCC-70AE-48DF-B327-92B8F9FEA34F}.Release|x64.Build.0 = Release|Any CPU
		{182C4CCC-70AE-48DF-B327-92B8F9FEA34F}.Release|x86.ActiveCfg = Release|Any CPU
		{182C4CCC-70AE-48DF-B327-92B8F9FEA34F}.Release|x86.Build.0 = Release|Any CPU
		{A1B2C3D4-E5F6-7890-ABCD-EF1234567890}.Debug|Any CPU.ActiveCfg = Debug|Any CPU
		{A1B2C3D4-E5F6-7890-ABCD-EF1234567890}.Debug|Any CPU.Build.0 = Debug|Any CPU
		{A1B2C3D4-E5F6-7890-ABCD-EF1234567890}.Debug|x64.ActiveCfg = Debug|Any CPU
		{A1B2C3D4-E5F6-7890-ABCD-EF1234567890}.Debug|x64.Build.0 = Debug|Any CPU
		{A1B2C3D4-E5F6-7890-ABCD-EF1234567890}.Debug|x86.ActiveCfg = Debug|Any CPU
		{A1B2C3D4-E5F6-7890-ABCD-EF1234567890}.Debug|x86.Build.0 = Debug|Any CPU
		{A1B2C3D4-E5F6-7890-ABCD-EF1234567890}.Release|Any CPU.ActiveCfg = Release|Any CPU
		{A1B2C3D4-E5F6-7890-ABCD-EF1234567890}.Release|Any CPU.Build.0 = Release|Any CPU
		{A1B2C3D4-E5F6-7890-ABCD-EF1234567890}.Release|x64.ActiveCfg = Release|Any CPU
		{A1B2C3D4-E5F6-7890-ABCD-EF1234567890}.Release|x64.Build.0 = Release|Any CPU
		{A1B2C3D4-E5F6-7890-ABCD-EF1234567890}.Release|x86.ActiveCfg = Release|Any CPU
		{A1B2C3D4-E5F6-7890-ABCD-EF1234567890}.Release|x86.Build.0 = Release|Any CPU
		{8E27B147-C01A-4A91-8B15-DFCBEBD5ACDD}.Debug|Any CPU.ActiveCfg = Debug|Any CPU
		{8E27B147-C01A-4A91-8B15-DFCBEBD5ACDD}.Debug|Any CPU.Build.0 = Debug|Any CPU
		{8E27B147-C01A-4A91-8B15-DFCBEBD5ACDD}.Debug|x64.ActiveCfg = Debug|Any CPU
		{8E27B147-C01A-4A91-8B15-DFCBEBD5ACDD}.Debug|x64.Build.0 = Debug|Any CPU
		{8E27B147-C01A-4A91-8B15-DFCBEBD5ACDD}.Debug|x86.ActiveCfg = Debug|Any CPU
		{8E27B147-C01A-4A91-8B15-DFCBEBD5ACDD}.Debug|x86.Build.0 = Debug|Any CPU
		{8E27B147-C01A-4A91-8B15-DFCBEBD5ACDD}.Release|Any CPU.ActiveCfg = Release|Any CPU
		{8E27B147-C01A-4A91-8B15-DFCBEBD5ACDD}.Release|Any CPU.Build.0 = Release|Any CPU
		{8E27B147-C01A-4A91-8B15-DFCBEBD5ACDD}.Release|x64.ActiveCfg = Release|Any CPU
		{8E27B147-C01A-4A91-8B15-DFCBEBD5ACDD}.Release|x64.Build.0 = Release|Any CPU
		{8E27B147-C01A-4A91-8B15-DFCBEBD5ACDD}.Release|x86.ActiveCfg = Release|Any CPU
		{8E27B147-C01A-4A91-8B15-DFCBEBD5ACDD}.Release|x86.Build.0 = Release|Any CPU
		{1CB8F374-7E08-41CD-99E1-46033A4A29C2}.Debug|Any CPU.ActiveCfg = Debug|Any CPU
		{1CB8F374-7E08-41CD-99E1-46033A4A29C2}.Debug|Any CPU.Build.0 = Debug|Any CPU
		{1CB8F374-7E08-41CD-99E1-46033A4A29C2}.Debug|x64.ActiveCfg = Debug|Any CPU
		{1CB8F374-7E08-41CD-99E1-46033A4A29C2}.Debug|x64.Build.0 = Debug|Any CPU
		{1CB8F374-7E08-41CD-99E1-46033A4A29C2}.Debug|x86.ActiveCfg = Debug|Any CPU
		{1CB8F374-7E08-41CD-99E1-46033A4A29C2}.Debug|x86.Build.0 = Debug|Any CPU
		{1CB8F374-7E08-41CD-99E1-46033A4A29C2}.Release|Any CPU.ActiveCfg = Release|Any CPU
		{1CB8F374-7E08-41CD-99E1-46033A4A29C2}.Release|Any CPU.Build.0 = Release|Any CPU
		{1CB8F374-7E08-41CD-99E1-46033A4A29C2}.Release|x64.ActiveCfg = Release|Any CPU
		{1CB8F374-7E08-41CD-99E1-46033A4A29C2}.Release|x64.Build.0 = Release|Any CPU
		{1CB8F374-7E08-41CD-99E1-46033A4A29C2}.Release|x86.ActiveCfg = Release|Any CPU
		{1CB8F374-7E08-41CD-99E1-46033A4A29C2}.Release|x86.Build.0 = Release|Any CPU
		{DA100C90-0740-4580-8790-7E64FFAAD505}.Debug|Any CPU.ActiveCfg = Debug|Any CPU
		{DA100C90-0740-4580-8790-7E64FFAAD505}.Debug|Any CPU.Build.0 = Debug|Any CPU
		{DA100C90-0740-4580-8790-7E64FFAAD505}.Debug|x64.ActiveCfg = Debug|Any CPU
		{DA100C90-0740-4580-8790-7E64FFAAD505}.Debug|x64.Build.0 = Debug|Any CPU
		{DA100C90-0740-4580-8790-7E64FFAAD505}.Debug|x86.ActiveCfg = Debug|Any CPU
		{DA100C90-0740-4580-8790-7E64FFAAD505}.Debug|x86.Build.0 = Debug|Any CPU
		{DA100C90-0740-4580-8790-7E64FFAAD505}.Release|Any CPU.ActiveCfg = Release|Any CPU
		{DA100C90-0740-4580-8790-7E64FFAAD505}.Release|Any CPU.Build.0 = Release|Any CPU
		{DA100C90-0740-4580-8790-7E64FFAAD505}.Release|x64.ActiveCfg = Release|Any CPU
		{DA100C90-0740-4580-8790-7E64FFAAD505}.Release|x64.Build.0 = Release|Any CPU
		{DA100C90-0740-4580-8790-7E64FFAAD505}.Release|x86.ActiveCfg = Release|Any CPU
		{DA100C90-0740-4580-8790-7E64FFAAD505}.Release|x86.Build.0 = Release|Any CPU
	EndGlobalSection
	GlobalSection(SolutionProperties) = preSolution
		HideSolutionNode = FALSE
	EndGlobalSection
	GlobalSection(NestedProjects) = preSolution
		{8E27B147-C01A-4A91-8B15-DFCBEBD5ACDD} = {D7BB74C9-E926-46C6-B58E-2827EA7D2E17}
		{1CB8F374-7E08-41CD-99E1-46033A4A29C2} = {D7BB74C9-E926-46C6-B58E-2827EA7D2E17}
	EndGlobalSection
EndGlobal
