<Solution>
  <Project Path="BlazorAppSampleTemplate/BlazorAppSampleTemplate.Client/BlazorAppSampleTemplate.Client.csproj" />
  <Project Path="BlazorAppSampleTemplate/BlazorAppSampleTemplate.Shared/BlazorAppSampleTemplate.Shared.csproj" />
  <Project Path="BlazorAppSampleTemplate/BlazorAppSampleTemplate/BlazorAppSampleTemplate.csproj" />
</Solution>
